
Microsoft Visual Studio Solution File, Format Version 12.00
# Visual Studio Version 17
VisualStudioVersion = 17.0.31903.59
MinimumVisualStudioVersion = 10.0.40219.1
Project("{9A19103F-16F7-4668-BE54-9A1E7A4F7556}") = "Domain", "src\Domain\Domain.csproj", "{C7E89A3E-A631-4760-8D61-BD1EAB1C4E69}"
EndProject
Project("{9A19103F-16F7-4668-BE54-9A1E7A4F7556}") = "Application", "src\Application\Application.csproj", "{34C0FACD-F3D9-400C-8945-554DD6B0819A}"
EndProject
Project("{9A19103F-16F7-4668-BE54-9A1E7A4F7556}") = "Infrastructure", "src\Infrastructure\Infrastructure.csproj", "{117DA02F-5274-4565-ACC6-DA9B6E568B09}"
EndProject
Project("{2150E333-8FDC-42A3-9474-1A3956D46DE8}") = "src", "src", "{6ED356A7-8B47-4613-AD01-C85CF28491BD}"
EndProject
Project("{2150E333-8FDC-42A3-9474-1A3956D46DE8}") = "Solution Items", "Solution Items", "{E2DA20AA-28D1-455C-BF50-C49A8F831633}"
	ProjectSection(SolutionItems) = preProject
		.editorconfig = .editorconfig
		.gitignore = .gitignore
		global.json = global.json
		README.md = README.md
	EndProjectSection
EndProject
Project("{9A19103F-16F7-4668-BE54-9A1E7A4F7556}") = "GraphQL", "src\GraphQL\GraphQL.csproj", "{DB172490-079D-4CBC-8B74-DF587AE13396}"
EndProject
Project("{9A19103F-16F7-4668-BE54-9A1E7A4F7556}") = "BlazorUI", "src\BlazorUI\BlazorUI.csproj", "{27483008-2B44-499D-B8B3-F4DF36998195}"
EndProject
Project("{2150E333-8FDC-42A3-9474-1A3956D46DE8}") = "frontend", "frontend", "{37FFD73A-C09B-46CE-BE90-336230BF0C5E}"
EndProject
Project("{2150E333-8FDC-42A3-9474-1A3956D46DE8}") = "backend", "backend", "{A718429B-6024-4D71-A6A6-E53E9A88FC1F}"
EndProject
Global
	GlobalSection(SolutionConfigurationPlatforms) = preSolution
		Debug|Any CPU = Debug|Any CPU
		Release|Any CPU = Release|Any CPU
	EndGlobalSection
	GlobalSection(ProjectConfigurationPlatforms) = postSolution
		{C7E89A3E-A631-4760-8D61-BD1EAB1C4E69}.Debug|Any CPU.ActiveCfg = Debug|Any CPU
		{C7E89A3E-A631-4760-8D61-BD1EAB1C4E69}.Debug|Any CPU.Build.0 = Debug|Any CPU
		{C7E89A3E-A631-4760-8D61-BD1EAB1C4E69}.Release|Any CPU.ActiveCfg = Release|Any CPU
		{C7E89A3E-A631-4760-8D61-BD1EAB1C4E69}.Release|Any CPU.Build.0 = Release|Any CPU
		{34C0FACD-F3D9-400C-8945-554DD6B0819A}.Debug|Any CPU.ActiveCfg = Debug|Any CPU
		{34C0FACD-F3D9-400C-8945-554DD6B0819A}.Debug|Any CPU.Build.0 = Debug|Any CPU
		{34C0FACD-F3D9-400C-8945-554DD6B0819A}.Release|Any CPU.ActiveCfg = Release|Any CPU
		{34C0FACD-F3D9-400C-8945-554DD6B0819A}.Release|Any CPU.Build.0 = Release|Any CPU
		{117DA02F-5274-4565-ACC6-DA9B6E568B09}.Debug|Any CPU.ActiveCfg = Debug|Any CPU
		{117DA02F-5274-4565-ACC6-DA9B6E568B09}.Debug|Any CPU.Build.0 = Debug|Any CPU
		{117DA02F-5274-4565-ACC6-DA9B6E568B09}.Release|Any CPU.ActiveCfg = Release|Any CPU
		{117DA02F-5274-4565-ACC6-DA9B6E568B09}.Release|Any CPU.Build.0 = Release|Any CPU
		{DB172490-079D-4CBC-8B74-DF587AE13396}.Debug|Any CPU.ActiveCfg = Debug|Any CPU
		{DB172490-079D-4CBC-8B74-DF587AE13396}.Debug|Any CPU.Build.0 = Debug|Any CPU
		{DB172490-079D-4CBC-8B74-DF587AE13396}.Release|Any CPU.ActiveCfg = Release|Any CPU
		{DB172490-079D-4CBC-8B74-DF587AE13396}.Release|Any CPU.Build.0 = Release|Any CPU
		{27483008-2B44-499D-B8B3-F4DF36998195}.Debug|Any CPU.ActiveCfg = Debug|Any CPU
		{27483008-2B44-499D-B8B3-F4DF36998195}.Debug|Any CPU.Build.0 = Debug|Any CPU
		{27483008-2B44-499D-B8B3-F4DF36998195}.Release|Any CPU.ActiveCfg = Release|Any CPU
		{27483008-2B44-499D-B8B3-F4DF36998195}.Release|Any CPU.Build.0 = Release|Any CPU
	EndGlobalSection
	GlobalSection(SolutionProperties) = preSolution
		HideSolutionNode = FALSE
	EndGlobalSection
	GlobalSection(NestedProjects) = preSolution
		{C7E89A3E-A631-4760-8D61-BD1EAB1C4E69} = {A718429B-6024-4D71-A6A6-E53E9A88FC1F}
		{34C0FACD-F3D9-400C-8945-554DD6B0819A} = {A718429B-6024-4D71-A6A6-E53E9A88FC1F}
		{117DA02F-5274-4565-ACC6-DA9B6E568B09} = {A718429B-6024-4D71-A6A6-E53E9A88FC1F}
		{DB172490-079D-4CBC-8B74-DF587AE13396} = {A718429B-6024-4D71-A6A6-E53E9A88FC1F}
		{27483008-2B44-499D-B8B3-F4DF36998195} = {37FFD73A-C09B-46CE-BE90-336230BF0C5E}
		{37FFD73A-C09B-46CE-BE90-336230BF0C5E} = {6ED356A7-8B47-4613-AD01-C85CF28491BD}
		{A718429B-6024-4D71-A6A6-E53E9A88FC1F} = {6ED356A7-8B47-4613-AD01-C85CF28491BD}
	EndGlobalSection
	GlobalSection(ExtensibilityGlobals) = postSolution
		SolutionGuid = {3CB609D9-5D54-4C11-A371-DAAC8B74E430}
	EndGlobalSection
EndGlobal
